
Microsoft Visual Studio Solution File, Format Version 12.00
# Visual Studio Version 17
VisualStudioVersion = 17.14.36327.8
MinimumVisualStudioVersion = 10.0.40219.1
Project("{FAE04EC0-301F-11D3-BF4B-00C04F79EFBC}") = "Thryft", "Thryft\Thryft\Thryft.csproj", "{ECF764E6-186E-4BC8-BEDE-4950BFDF49FE}"
EndProject
Global
	GlobalSection(SolutionConfigurationPlatforms) = preSolution
		Debug|Any CPU = Debug|Any CPU
		Release|Any CPU = Release|Any CPU
	EndGlobalSection
	GlobalSection(ProjectConfigurationPlatforms) = postSolution
		{ECF764E6-186E-4BC8-BEDE-4950BFDF49FE}.Debug|Any CPU.ActiveCfg = Debug|Any CPU
		{ECF764E6-186E-4BC8-BEDE-4950BFDF49FE}.Debug|Any CPU.Build.0 = Debug|Any CPU
		{ECF764E6-186E-4BC8-BEDE-4950BFDF49FE}.Release|Any CPU.ActiveCfg = Release|Any CPU
		{ECF764E6-186E-4BC8-BEDE-4950BFDF49FE}.Release|Any CPU.Build.0 = Release|Any CPU
	EndGlobalSection
	GlobalSection(SolutionProperties) = preSolution
		HideSolutionNode = FALSE
	EndGlobalSection
	GlobalSection(ExtensibilityGlobals) = postSolution
		SolutionGuid = {2412017E-FE4B-42D7-901D-2831F5DC2B03}
	EndGlobalSection
EndGlobal
